
Microsoft Visual Studio Solution File, Format Version 12.00
# Visual Studio Version 17
VisualStudioVersion = 17.14.36511.14 d17.14
MinimumVisualStudioVersion = 10.0.40219.1
Project("{FAE04EC0-301F-11D3-BF4B-00C04F79EFBC}") = "EP", "EP\EP.csproj", "{C32B0522-C4BB-41E0-92FA-A50F8D813F9A}"
EndProject
Global
	GlobalSection(SolutionConfigurationPlatforms) = preSolution
		Debug|Any CPU = Debug|Any CPU
		Release|Any CPU = Release|Any CPU
	EndGlobalSection
	GlobalSection(ProjectConfigurationPlatforms) = postSolution
		{C32B0522-C4BB-41E0-92FA-A50F8D813F9A}.Debug|Any CPU.ActiveCfg = Debug|Any CPU
		{C32B0522-C4BB-41E0-92FA-A50F8D813F9A}.Debug|Any CPU.Build.0 = Debug|Any CPU
		{C32B0522-C4BB-41E0-92FA-A50F8D813F9A}.Release|Any CPU.ActiveCfg = Release|Any CPU
		{C32B0522-C4BB-41E0-92FA-A50F8D813F9A}.Release|Any CPU.Build.0 = Release|Any CPU
	EndGlobalSection
	GlobalSection(SolutionProperties) = preSolution
		HideSolutionNode = FALSE
	EndGlobalSection
	GlobalSection(ExtensibilityGlobals) = postSolution
		SolutionGuid = {3E510E17-FB12-4D9A-9047-2A132C9302F4}
	EndGlobalSection
EndGlobal
